{
  "name": "dice-magic",
  "version": "1.0.0",
  "lockfileVersion": 3,
  "requires": true,
  "packages": {
    "": {
      "name": "dice-magic",
      "version": "1.0.0",
      "license": "ISC",
      "dependencies": {
        "mprocs": "^0.7.2"
      }
    },
    "node_modules/mprocs": {
      "version": "0.7.2",
      "resolved": "https://registry.npmjs.org/mprocs/-/mprocs-0.7.2.tgz",
      "integrity": "sha512-EtHuUzkNMmw0ltswa4vHfulbl34l2e5RLgB59Kd9A1WKYDAZ/zmQbjk1q5lTFWNlsYh9rHTylM4u94Ho+NglIw==",
      "license": "MIT",
      "bin": {
        "mprocs": "cli.js"
      },
      "engines": {
        "node": ">=0.10.0"
      }
    }
  }
}
